
Microsoft Visual Studio Solution File, Format Version 12.00
# Visual Studio 15
VisualStudioVersion = 15.0.28010.2003
MinimumVisualStudioVersion = 10.0.40219.1
Project("{FAE04EC0-301F-11D3-BF4B-00C04F79EFBC}") = "FileExplorer", "FileExplorer\FileExplorer.csproj", "{8C60D315-D874-4FA7-A5BB-E45065F3FB72}"
EndProject
Global
	GlobalSection(SolutionConfigurationPlatforms) = preSolution
		Debug|Any CPU = Debug|Any CPU
		Release|Any CPU = Release|Any CPU
	EndGlobalSection
	GlobalSection(ProjectConfigurationPlatforms) = postSolution
		{8C60D315-D874-4FA7-A5BB-E45065F3FB72}.Debug|Any CPU.ActiveCfg = Debug|Any CPU
		{8C60D315-D874-4FA7-A5BB-E45065F3FB72}.Debug|Any CPU.Build.0 = Debug|Any CPU
		{8C60D315-D874-4FA7-A5BB-E45065F3FB72}.Release|Any CPU.ActiveCfg = Release|Any CPU
		{8C60D315-D874-4FA7-A5BB-E45065F3FB72}.Release|Any CPU.Build.0 = Release|Any CPU
	EndGlobalSection
	GlobalSection(SolutionProperties) = preSolution
		HideSolutionNode = FALSE
	EndGlobalSection
	GlobalSection(ExtensibilityGlobals) = postSolution
		SolutionGuid = {F83751DE-D523-416C-995A-2BA277BF2E60}
	EndGlobalSection
EndGlobal
